
Microsoft Visual Studio Solution File, Format Version 12.00
# Visual Studio Version 16
VisualStudioVersion = 16.6.30114.105
MinimumVisualStudioVersion = 10.0.40219.1
Project("{FAE04EC0-301F-11D3-BF4B-00C04F79EFBC}") = "Bank3Tier.Api", "Bank3Tier.Api\Bank3Tier.Api.csproj", "{89724606-23FD-43E9-806D-9E2B58EC798A}"
EndProject
Project("{FAE04EC0-301F-11D3-BF4B-00C04F79EFBC}") = "Bank3Tier.Core", "Bank3Tier.Core\Bank3Tier.Core.csproj", "{6C247F60-5B70-424B-9685-11EC3756C9A4}"
EndProject
Project("{FAE04EC0-301F-11D3-BF4B-00C04F79EFBC}") = "Bank3Tier.Data", "Bank3Tier.Data\Bank3Tier.Data.csproj", "{BF0A4103-5CFC-4B69-92B2-49FF0713A565}"
EndProject
Project("{FAE04EC0-301F-11D3-BF4B-00C04F79EFBC}") = "Bank3Tier.Services", "Bank3Tier.Services\Bank3Tier.Services.csproj", "{BF50FB36-E891-4297-87AA-172AAD783F9F}"
EndProject
Global
	GlobalSection(SolutionConfigurationPlatforms) = preSolution
		Debug|Any CPU = Debug|Any CPU
		Debug|x64 = Debug|x64
		Debug|x86 = Debug|x86
		Release|Any CPU = Release|Any CPU
		Release|x64 = Release|x64
		Release|x86 = Release|x86
	EndGlobalSection
	GlobalSection(SolutionProperties) = preSolution
		HideSolutionNode = FALSE
	EndGlobalSection
	GlobalSection(ProjectConfigurationPlatforms) = postSolution
		{89724606-23FD-43E9-806D-9E2B58EC798A}.Debug|Any CPU.ActiveCfg = Debug|Any CPU
		{89724606-23FD-43E9-806D-9E2B58EC798A}.Debug|Any CPU.Build.0 = Debug|Any CPU
		{89724606-23FD-43E9-806D-9E2B58EC798A}.Debug|x64.ActiveCfg = Debug|Any CPU
		{89724606-23FD-43E9-806D-9E2B58EC798A}.Debug|x64.Build.0 = Debug|Any CPU
		{89724606-23FD-43E9-806D-9E2B58EC798A}.Debug|x86.ActiveCfg = Debug|Any CPU
		{89724606-23FD-43E9-806D-9E2B58EC798A}.Debug|x86.Build.0 = Debug|Any CPU
		{89724606-23FD-43E9-806D-9E2B58EC798A}.Release|Any CPU.ActiveCfg = Release|Any CPU
		{89724606-23FD-43E9-806D-9E2B58EC798A}.Release|Any CPU.Build.0 = Release|Any CPU
		{89724606-23FD-43E9-806D-9E2B58EC798A}.Release|x64.ActiveCfg = Release|Any CPU
		{89724606-23FD-43E9-806D-9E2B58EC798A}.Release|x64.Build.0 = Release|Any CPU
		{89724606-23FD-43E9-806D-9E2B58EC798A}.Release|x86.ActiveCfg = Release|Any CPU
		{89724606-23FD-43E9-806D-9E2B58EC798A}.Release|x86.Build.0 = Release|Any CPU
		{6C247F60-5B70-424B-9685-11EC3756C9A4}.Debug|Any CPU.ActiveCfg = Debug|Any CPU
		{6C247F60-5B70-424B-9685-11EC3756C9A4}.Debug|Any CPU.Build.0 = Debug|Any CPU
		{6C247F60-5B70-424B-9685-11EC3756C9A4}.Debug|x64.ActiveCfg = Debug|Any CPU
		{6C247F60-5B70-424B-9685-11EC3756C9A4}.Debug|x64.Build.0 = Debug|Any CPU
		{6C247F60-5B70-424B-9685-11EC3756C9A4}.Debug|x86.ActiveCfg = Debug|Any CPU
		{6C247F60-5B70-424B-9685-11EC3756C9A4}.Debug|x86.Build.0 = Debug|Any CPU
		{6C247F60-5B70-424B-9685-11EC3756C9A4}.Release|Any CPU.ActiveCfg = Release|Any CPU
		{6C247F60-5B70-424B-9685-11EC3756C9A4}.Release|Any CPU.Build.0 = Release|Any CPU
		{6C247F60-5B70-424B-9685-11EC3756C9A4}.Release|x64.ActiveCfg = Release|Any CPU
		{6C247F60-5B70-424B-9685-11EC3756C9A4}.Release|x64.Build.0 = Release|Any CPU
		{6C247F60-5B70-424B-9685-11EC3756C9A4}.Release|x86.ActiveCfg = Release|Any CPU
		{6C247F60-5B70-424B-9685-11EC3756C9A4}.Release|x86.Build.0 = Release|Any CPU
		{BF0A4103-5CFC-4B69-92B2-49FF0713A565}.Debug|Any CPU.ActiveCfg = Debug|Any CPU
		{BF0A4103-5CFC-4B69-92B2-49FF0713A565}.Debug|Any CPU.Build.0 = Debug|Any CPU
		{BF0A4103-5CFC-4B69-92B2-49FF0713A565}.Debug|x64.ActiveCfg = Debug|Any CPU
		{BF0A4103-5CFC-4B69-92B2-49FF0713A565}.Debug|x64.Build.0 = Debug|Any CPU
		{BF0A4103-5CFC-4B69-92B2-49FF0713A565}.Debug|x86.ActiveCfg = Debug|Any CPU
		{BF0A4103-5CFC-4B69-92B2-49FF0713A565}.Debug|x86.Build.0 = Debug|Any CPU
		{BF0A4103-5CFC-4B69-92B2-49FF0713A565}.Release|Any CPU.ActiveCfg = Release|Any CPU
		{BF0A4103-5CFC-4B69-92B2-49FF0713A565}.Release|Any CPU.Build.0 = Release|Any CPU
		{BF0A4103-5CFC-4B69-92B2-49FF0713A565}.Release|x64.ActiveCfg = Release|Any CPU
		{BF0A4103-5CFC-4B69-92B2-49FF0713A565}.Release|x64.Build.0 = Release|Any CPU
		{BF0A4103-5CFC-4B69-92B2-49FF0713A565}.Release|x86.ActiveCfg = Release|Any CPU
		{BF0A4103-5CFC-4B69-92B2-49FF0713A565}.Release|x86.Build.0 = Release|Any CPU
		{BF50FB36-E891-4297-87AA-172AAD783F9F}.Debug|Any CPU.ActiveCfg = Debug|Any CPU
		{BF50FB36-E891-4297-87AA-172AAD783F9F}.Debug|Any CPU.Build.0 = Debug|Any CPU
		{BF50FB36-E891-4297-87AA-172AAD783F9F}.Debug|x64.ActiveCfg = Debug|Any CPU
		{BF50FB36-E891-4297-87AA-172AAD783F9F}.Debug|x64.Build.0 = Debug|Any CPU
		{BF50FB36-E891-4297-87AA-172AAD783F9F}.Debug|x86.ActiveCfg = Debug|Any CPU
		{BF50FB36-E891-4297-87AA-172AAD783F9F}.Debug|x86.Build.0 = Debug|Any CPU
		{BF50FB36-E891-4297-87AA-172AAD783F9F}.Release|Any CPU.ActiveCfg = Release|Any CPU
		{BF50FB36-E891-4297-87AA-172AAD783F9F}.Release|Any CPU.Build.0 = Release|Any CPU
		{BF50FB36-E891-4297-87AA-172AAD783F9F}.Release|x64.ActiveCfg = Release|Any CPU
		{BF50FB36-E891-4297-87AA-172AAD783F9F}.Release|x64.Build.0 = Release|Any CPU
		{BF50FB36-E891-4297-87AA-172AAD783F9F}.Release|x86.ActiveCfg = Release|Any CPU
		{BF50FB36-E891-4297-87AA-172AAD783F9F}.Release|x86.Build.0 = Release|Any CPU
	EndGlobalSection
EndGlobal
